
Microsoft Visual Studio Solution File, Format Version 12.00
# Visual Studio Version 17
VisualStudioVersion = 17.7.34031.279
MinimumVisualStudioVersion = 10.0.40219.1
Project("{FAE04EC0-301F-11D3-BF4B-00C04F79EFBC}") = "PodcastAppG19", "PodcastAppG19.csproj", "{22D3E7AA-A214-4C3D-909A-397221159054}"
EndProject
Global
	GlobalSection(SolutionConfigurationPlatforms) = preSolution
		Debug|Any CPU = Debug|Any CPU
		Release|Any CPU = Release|Any CPU
	EndGlobalSection
	GlobalSection(ProjectConfigurationPlatforms) = postSolution
		{22D3E7AA-A214-4C3D-909A-397221159054}.Debug|Any CPU.ActiveCfg = Debug|Any CPU
		{22D3E7AA-A214-4C3D-909A-397221159054}.Debug|Any CPU.Build.0 = Debug|Any CPU
		{22D3E7AA-A214-4C3D-909A-397221159054}.Release|Any CPU.ActiveCfg = Release|Any CPU
		{22D3E7AA-A214-4C3D-909A-397221159054}.Release|Any CPU.Build.0 = Release|Any CPU
	EndGlobalSection
	GlobalSection(SolutionProperties) = preSolution
		HideSolutionNode = FALSE
	EndGlobalSection
	GlobalSection(ExtensibilityGlobals) = postSolution
		SolutionGuid = {57D0E90A-A83B-4FAC-B98C-44438AE1FFF7}
	EndGlobalSection
EndGlobal
